
Microsoft Visual Studio Solution File, Format Version 12.00
# Visual Studio Version 17
VisualStudioVersion = 17.6.33829.357
MinimumVisualStudioVersion = 10.0.40219.1
Project("{FAE04EC0-301F-11D3-BF4B-00C04F79EFBC}") = "UserDefinedExceptionAccountsApp", "UserDefinedExceptionAccountsApp.csproj", "{F4E59ED6-3E99-4740-9409-7B814B554518}"
EndProject
Global
	GlobalSection(SolutionConfigurationPlatforms) = preSolution
		Debug|Any CPU = Debug|Any CPU
		Release|Any CPU = Release|Any CPU
	EndGlobalSection
	GlobalSection(ProjectConfigurationPlatforms) = postSolution
		{F4E59ED6-3E99-4740-9409-7B814B554518}.Debug|Any CPU.ActiveCfg = Debug|Any CPU
		{F4E59ED6-3E99-4740-9409-7B814B554518}.Debug|Any CPU.Build.0 = Debug|Any CPU
		{F4E59ED6-3E99-4740-9409-7B814B554518}.Release|Any CPU.ActiveCfg = Release|Any CPU
		{F4E59ED6-3E99-4740-9409-7B814B554518}.Release|Any CPU.Build.0 = Release|Any CPU
	EndGlobalSection
	GlobalSection(SolutionProperties) = preSolution
		HideSolutionNode = FALSE
	EndGlobalSection
	GlobalSection(ExtensibilityGlobals) = postSolution
		SolutionGuid = {6DF3CB20-3968-48FD-A9E1-9332D09F2815}
	EndGlobalSection
EndGlobal
